{
  "requires": true,
  "lockfileVersion": 1,
  "dependencies": {
    "angular": {
      "version": "1.4.5",
      "resolved": "https://registry.npmjs.org/angular/-/angular-1.4.5.tgz",
      "integrity": "sha1-OZus1vG/N3QrUHt9jQZyFAYC2zk="
    },
    "angular-animate": {
      "version": "1.6.10",
      "resolved": "https://registry.npmjs.org/angular-animate/-/angular-animate-1.6.10.tgz",
      "integrity": "sha512-RU9ZJbTspq0W0x675H5k1DeSgKbAFfp2aiYoNGdlD+wQNKvwwMR5ho+EkDKkx9zE02a5goe8Z6EhhYPQSff9dA=="
    },
    "angular-route": {
      "version": "1.6.10",
      "resolved": "https://registry.npmjs.org/angular-route/-/angular-route-1.6.10.tgz",
      "integrity": "sha512-BxjrjQNCbVqQKyB3nHjNI8zSUwhnQWFZnSBv5BZ336VbMKhWu74ad5xpFx5VMk6WyHlmMGDoRagzB6AKkRcvKA=="
    }
  }
}
